
Microsoft Visual Studio Solution File, Format Version 12.00
# Visual Studio 15
VisualStudioVersion = 15.0.28010.2036
MinimumVisualStudioVersion = 10.0.40219.1
Project("{FAE04EC0-301F-11D3-BF4B-00C04F79EFBC}") = "Server", "Server\Server.csproj", "{5BAF2704-58A0-436E-8B76-FD6D69883646}"
EndProject
Global
	GlobalSection(SolutionConfigurationPlatforms) = preSolution
		Debug|Any CPU = Debug|Any CPU
		Release|Any CPU = Release|Any CPU
	EndGlobalSection
	GlobalSection(ProjectConfigurationPlatforms) = postSolution
		{5BAF2704-58A0-436E-8B76-FD6D69883646}.Debug|Any CPU.ActiveCfg = Debug|Any CPU
		{5BAF2704-58A0-436E-8B76-FD6D69883646}.Debug|Any CPU.Build.0 = Debug|Any CPU
		{5BAF2704-58A0-436E-8B76-FD6D69883646}.Release|Any CPU.ActiveCfg = Release|Any CPU
		{5BAF2704-58A0-436E-8B76-FD6D69883646}.Release|Any CPU.Build.0 = Release|Any CPU
	EndGlobalSection
	GlobalSection(SolutionProperties) = preSolution
		HideSolutionNode = FALSE
	EndGlobalSection
	GlobalSection(ExtensibilityGlobals) = postSolution
		SolutionGuid = {6E701244-B13A-4E88-BF7C-00DE3C9656D4}
	EndGlobalSection
EndGlobal
